
Microsoft Visual Studio Solution File, Format Version 12.00
# Visual Studio 14
VisualStudioVersion = 14.0.25420.1
MinimumVisualStudioVersion = 10.0.40219.1
Project("{F2A71F9B-5D33-465A-A702-920D77279786}") = "Takedown.Tests", "Takedown.Tests\Takedown.Tests.fsproj", "{35E24EC1-913E-43BA-ACCF-7C2A8C5DF87D}"
EndProject
Project("{F2A71F9B-5D33-465A-A702-920D77279786}") = "Takedown", "Takedown\Takedown.fsproj", "{D91EF0FA-D702-403C-99EA-0ADDD4BCE75F}"
EndProject
Project("{F2A71F9B-5D33-465A-A702-920D77279786}") = "Takedown.Web", "Takedown.Web\Takedown.Web.fsproj", "{AA7AEFB7-F66A-4DB0-8C6E-6BFE595A66A5}"
EndProject
Global
	GlobalSection(SolutionConfigurationPlatforms) = preSolution
		Debug|Any CPU = Debug|Any CPU
		Release|Any CPU = Release|Any CPU
	EndGlobalSection
	GlobalSection(ProjectConfigurationPlatforms) = postSolution
		{35E24EC1-913E-43BA-ACCF-7C2A8C5DF87D}.Debug|Any CPU.ActiveCfg = Debug|Any CPU
		{35E24EC1-913E-43BA-ACCF-7C2A8C5DF87D}.Debug|Any CPU.Build.0 = Debug|Any CPU
		{35E24EC1-913E-43BA-ACCF-7C2A8C5DF87D}.Release|Any CPU.ActiveCfg = Release|Any CPU
		{35E24EC1-913E-43BA-ACCF-7C2A8C5DF87D}.Release|Any CPU.Build.0 = Release|Any CPU
		{D91EF0FA-D702-403C-99EA-0ADDD4BCE75F}.Debug|Any CPU.ActiveCfg = Debug|Any CPU
		{D91EF0FA-D702-403C-99EA-0ADDD4BCE75F}.Debug|Any CPU.Build.0 = Debug|Any CPU
		{D91EF0FA-D702-403C-99EA-0ADDD4BCE75F}.Release|Any CPU.ActiveCfg = Release|Any CPU
		{D91EF0FA-D702-403C-99EA-0ADDD4BCE75F}.Release|Any CPU.Build.0 = Release|Any CPU
		{AA7AEFB7-F66A-4DB0-8C6E-6BFE595A66A5}.Debug|Any CPU.ActiveCfg = Debug|Any CPU
		{AA7AEFB7-F66A-4DB0-8C6E-6BFE595A66A5}.Debug|Any CPU.Build.0 = Debug|Any CPU
		{AA7AEFB7-F66A-4DB0-8C6E-6BFE595A66A5}.Release|Any CPU.ActiveCfg = Release|Any CPU
		{AA7AEFB7-F66A-4DB0-8C6E-6BFE595A66A5}.Release|Any CPU.Build.0 = Release|Any CPU
	EndGlobalSection
	GlobalSection(SolutionProperties) = preSolution
		HideSolutionNode = FALSE
	EndGlobalSection
EndGlobal
